
Microsoft Visual Studio Solution File, Format Version 12.00
# Visual Studio 15
Project("{FAE04EC0-301F-11D3-BF4B-00C04F79EFBC}") = "PhotonUnityNetworking.Demos", "PhotonUnityNetworking.Demos.csproj", "{AB6365CA-CE8D-A26E-4A1D-77FBDA200F9D}"
EndProject
Project("{FAE04EC0-301F-11D3-BF4B-00C04F79EFBC}") = "PhotonUnityNetworking.Utilities", "PhotonUnityNetworking.Utilities.csproj", "{4A4600BA-49A7-C71C-6F9E-5EA105D9F814}"
EndProject
Project("{FAE04EC0-301F-11D3-BF4B-00C04F79EFBC}") = "Assembly-CSharp", "Assembly-CSharp.csproj", "{ECB37B21-E4E7-F46D-2767-FA21320283C1}"
EndProject
Project("{FAE04EC0-301F-11D3-BF4B-00C04F79EFBC}") = "PhotonChat", "PhotonChat.csproj", "{3B12892A-98D6-D377-7946-939F52FBA049}"
EndProject
Project("{FAE04EC0-301F-11D3-BF4B-00C04F79EFBC}") = "PhotonUnityNetworking", "PhotonUnityNetworking.csproj", "{56641D6B-2CB6-C05C-7A1A-D3BA5084AA06}"
EndProject
Project("{FAE04EC0-301F-11D3-BF4B-00C04F79EFBC}") = "PhotonRealtime", "PhotonRealtime.csproj", "{7FEF0185-C095-1B27-AB8C-3A5248C64576}"
EndProject
Project("{FAE04EC0-301F-11D3-BF4B-00C04F79EFBC}") = "PhotonWebSocket", "PhotonWebSocket.csproj", "{ED399961-A3D3-12CD-4D18-CD1556A56C6F}"
EndProject
Project("{FAE04EC0-301F-11D3-BF4B-00C04F79EFBC}") = "PhotonUnityNetworking.Editor", "PhotonUnityNetworking.Editor.csproj", "{81D66C73-ADD8-25E1-2532-76892F9CB883}"
EndProject
Project("{FAE04EC0-301F-11D3-BF4B-00C04F79EFBC}") = "PunDemos.DemoHubEditor", "PunDemos.DemoHubEditor.csproj", "{01042206-EBD3-8F0B-DFB9-CD99F2042670}"
EndProject
Project("{FAE04EC0-301F-11D3-BF4B-00C04F79EFBC}") = "PhotonUnityNetworking.Utilities.PhotonPlayer.Editor", "PhotonUnityNetworking.Utilities.PhotonPlayer.Editor.csproj", "{0710302A-2EC9-EBE5-B567-37C0ADE20D25}"
EndProject
Project("{FAE04EC0-301F-11D3-BF4B-00C04F79EFBC}") = "PhotonUnityNetworking.Utilities.Culling.Editor", "PhotonUnityNetworking.Utilities.Culling.Editor.csproj", "{E9FE61A5-4D47-ABB0-5692-5E57502AE581}"
EndProject
Project("{FAE04EC0-301F-11D3-BF4B-00C04F79EFBC}") = "PunDemos.DemoSlotcarEditor", "PunDemos.DemoSlotcarEditor.csproj", "{01881055-A77A-D021-05FC-6189FE4EA783}"
EndProject
Global
	GlobalSection(SolutionConfigurationPlatforms) = preSolution
		Debug|Any CPU = Debug|Any CPU
		Release|Any CPU = Release|Any CPU
	EndGlobalSection
	GlobalSection(ProjectConfigurationPlatforms) = postSolution
		{AB6365CA-CE8D-A26E-4A1D-77FBDA200F9D}.Debug|Any CPU.ActiveCfg = Debug|Any CPU
		{AB6365CA-CE8D-A26E-4A1D-77FBDA200F9D}.Debug|Any CPU.Build.0 = Debug|Any CPU
		{AB6365CA-CE8D-A26E-4A1D-77FBDA200F9D}.Release|Any CPU.ActiveCfg = Release|Any CPU
		{AB6365CA-CE8D-A26E-4A1D-77FBDA200F9D}.Release|Any CPU.Build.0 = Release|Any CPU
		{4A4600BA-49A7-C71C-6F9E-5EA105D9F814}.Debug|Any CPU.ActiveCfg = Debug|Any CPU
		{4A4600BA-49A7-C71C-6F9E-5EA105D9F814}.Debug|Any CPU.Build.0 = Debug|Any CPU
		{4A4600BA-49A7-C71C-6F9E-5EA105D9F814}.Release|Any CPU.ActiveCfg = Release|Any CPU
		{4A4600BA-49A7-C71C-6F9E-5EA105D9F814}.Release|Any CPU.Build.0 = Release|Any CPU
		{ECB37B21-E4E7-F46D-2767-FA21320283C1}.Debug|Any CPU.ActiveCfg = Debug|Any CPU
		{ECB37B21-E4E7-F46D-2767-FA21320283C1}.Debug|Any CPU.Build.0 = Debug|Any CPU
		{ECB37B21-E4E7-F46D-2767-FA21320283C1}.Release|Any CPU.ActiveCfg = Release|Any CPU
		{ECB37B21-E4E7-F46D-2767-FA21320283C1}.Release|Any CPU.Build.0 = Release|Any CPU
		{3B12892A-98D6-D377-7946-939F52FBA049}.Debug|Any CPU.ActiveCfg = Debug|Any CPU
		{3B12892A-98D6-D377-7946-939F52FBA049}.Debug|Any CPU.Build.0 = Debug|Any CPU
		{3B12892A-98D6-D377-7946-939F52FBA049}.Release|Any CPU.ActiveCfg = Release|Any CPU
		{3B12892A-98D6-D377-7946-939F52FBA049}.Release|Any CPU.Build.0 = Release|Any CPU
		{56641D6B-2CB6-C05C-7A1A-D3BA5084AA06}.Debug|Any CPU.ActiveCfg = Debug|Any CPU
		{56641D6B-2CB6-C05C-7A1A-D3BA5084AA06}.Debug|Any CPU.Build.0 = Debug|Any CPU
		{56641D6B-2CB6-C05C-7A1A-D3BA5084AA06}.Release|Any CPU.ActiveCfg = Release|Any CPU
		{56641D6B-2CB6-C05C-7A1A-D3BA5084AA06}.Release|Any CPU.Build.0 = Release|Any CPU
		{7FEF0185-C095-1B27-AB8C-3A5248C64576}.Debug|Any CPU.ActiveCfg = Debug|Any CPU
		{7FEF0185-C095-1B27-AB8C-3A5248C64576}.Debug|Any CPU.Build.0 = Debug|Any CPU
		{7FEF0185-C095-1B27-AB8C-3A5248C64576}.Release|Any CPU.ActiveCfg = Release|Any CPU
		{7FEF0185-C095-1B27-AB8C-3A5248C64576}.Release|Any CPU.Build.0 = Release|Any CPU
		{ED399961-A3D3-12CD-4D18-CD1556A56C6F}.Debug|Any CPU.ActiveCfg = Debug|Any CPU
		{ED399961-A3D3-12CD-4D18-CD1556A56C6F}.Debug|Any CPU.Build.0 = Debug|Any CPU
		{ED399961-A3D3-12CD-4D18-CD1556A56C6F}.Release|Any CPU.ActiveCfg = Release|Any CPU
		{ED399961-A3D3-12CD-4D18-CD1556A56C6F}.Release|Any CPU.Build.0 = Release|Any CPU
		{81D66C73-ADD8-25E1-2532-76892F9CB883}.Debug|Any CPU.ActiveCfg = Debug|Any CPU
		{81D66C73-ADD8-25E1-2532-76892F9CB883}.Debug|Any CPU.Build.0 = Debug|Any CPU
		{81D66C73-ADD8-25E1-2532-76892F9CB883}.Release|Any CPU.ActiveCfg = Release|Any CPU
		{81D66C73-ADD8-25E1-2532-76892F9CB883}.Release|Any CPU.Build.0 = Release|Any CPU
		{01042206-EBD3-8F0B-DFB9-CD99F2042670}.Debug|Any CPU.ActiveCfg = Debug|Any CPU
		{01042206-EBD3-8F0B-DFB9-CD99F2042670}.Debug|Any CPU.Build.0 = Debug|Any CPU
		{01042206-EBD3-8F0B-DFB9-CD99F2042670}.Release|Any CPU.ActiveCfg = Release|Any CPU
		{01042206-EBD3-8F0B-DFB9-CD99F2042670}.Release|Any CPU.Build.0 = Release|Any CPU
		{0710302A-2EC9-EBE5-B567-37C0ADE20D25}.Debug|Any CPU.ActiveCfg = Debug|Any CPU
		{0710302A-2EC9-EBE5-B567-37C0ADE20D25}.Debug|Any CPU.Build.0 = Debug|Any CPU
		{0710302A-2EC9-EBE5-B567-37C0ADE20D25}.Release|Any CPU.ActiveCfg = Release|Any CPU
		{0710302A-2EC9-EBE5-B567-37C0ADE20D25}.Release|Any CPU.Build.0 = Release|Any CPU
		{E9FE61A5-4D47-ABB0-5692-5E57502AE581}.Debug|Any CPU.ActiveCfg = Debug|Any CPU
		{E9FE61A5-4D47-ABB0-5692-5E57502AE581}.Debug|Any CPU.Build.0 = Debug|Any CPU
		{E9FE61A5-4D47-ABB0-5692-5E57502AE581}.Release|Any CPU.ActiveCfg = Release|Any CPU
		{E9FE61A5-4D47-ABB0-5692-5E57502AE581}.Release|Any CPU.Build.0 = Release|Any CPU
		{01881055-A77A-D021-05FC-6189FE4EA783}.Debug|Any CPU.ActiveCfg = Debug|Any CPU
		{01881055-A77A-D021-05FC-6189FE4EA783}.Debug|Any CPU.Build.0 = Debug|Any CPU
		{01881055-A77A-D021-05FC-6189FE4EA783}.Release|Any CPU.ActiveCfg = Release|Any CPU
		{01881055-A77A-D021-05FC-6189FE4EA783}.Release|Any CPU.Build.0 = Release|Any CPU
	EndGlobalSection
	GlobalSection(SolutionProperties) = preSolution
		HideSolutionNode = FALSE
	EndGlobalSection
EndGlobal
